// !$*UTF8*$!
{
	archiveVersion = 1;
	classes = {
	};
	objectVersion = 46;
	objects = {

/* Begin PBXBuildFile section */
		22F2CD2219C4DFB900F68BB5 /* main.m in Sources */ = {isa = PBXBuildFile; fileRef = 22F2CD2119C4DFB900F68BB5 /* main.m */; };
		22F2CD2919C4DFCE00F68BB5 /* Realm.framework in Frameworks */ = {isa = PBXBuildFile; fileRef = 22F2CD2819C4DFCE00F68BB5 /* Realm.framework */; };
/* End PBXBuildFile section */

/* Begin PBXCopyFilesBuildPhase section */
		22F2CD1C19C4DFB900F68BB5 /* CopyFiles */ = {
			isa = PBXCopyFilesBuildPhase;
			buildActionMask = 2147483647;
			dstPath = /usr/share/man/man1/;
			dstSubfolderSpec = 0;
			files = (
			);
			runOnlyForDeploymentPostprocessing = 1;
		};
/* End PBXCopyFilesBuildPhase section */

/* Begin PBXFileReference section */
		22F2CD1E19C4DFB900F68BB5 /* realmdemo */ = {isa = PBXFileReference; explicitFileType = "compiled.mach-o.executable"; includeInIndex = 0; path = realmdemo; sourceTree = BUILT_PRODUCTS_DIR; };
		22F2CD2119C4DFB900F68BB5 /* main.m */ = {isa = PBXFileReference; lastKnownFileType = sourcecode.c.objc; path = main.m; sourceTree = "<group>"; };
		22F2CD2819C4DFCE00F68BB5 /* Realm.framework */ = {isa = PBXFileReference; lastKnownFileType = wrapper.framework; path = Realm.framework; sourceTree = "<group>"; };
/* End PBXFileReference section */

/* Begin PBXFrameworksBuildPhase section */
		22F2CD1B19C4DFB900F68BB5 /* Frameworks */ = {
			isa = PBXFrameworksBuildPhase;
			buildActionMask = 2147483647;
			files = (
				22F2CD2919C4DFCE00F68BB5 /* Realm.framework in Frameworks */,
			);
			runOnlyForDeploymentPostprocessing = 0;
		};
/* End PBXFrameworksBuildPhase section */

/* Begin PBXGroup section */
		22F2CD1519C4DFB900F68BB5 = {
			isa = PBXGroup;
			children = (
				22F2CD2019C4DFB900F68BB5 /* realmdemo */,
				22F2CD1F19C4DFB900F68BB5 /* Products */,
				22F2CD2819C4DFCE00F68BB5 /* Realm.framework */,
			);
			sourceTree = "<group>";
		};
		22F2CD1F19C4DFB900F68BB5 /* Products */ = {
			isa = PBXGroup;
			children = (
				22F2CD1E19C4DFB900F68BB5 /* realmdemo */,
			);
			name = Products;
			sourceTree = "<group>";
		};
		22F2CD2019C4DFB900F68BB5 /* realmdemo */ = {
			isa = PBXGroup;
			children = (
				22F2CD2119C4DFB900F68BB5 /* main.m */,
			);
			path = realmdemo;
			sourceTree = "<group>";
		};
/* End PBXGroup section */

/* Begin PBXNativeTarget section */
		22F2CD1D19C4DFB900F68BB5 /* realmdemo */ = {
			isa = PBXNativeTarget;
			buildConfigurationList = 22F2CD2519C4DFB900F68BB5 /* Build configuration list for PBXNativeTarget "realmdemo" */;
			buildPhases = (
				22F2CD1A19C4DFB900F68BB5 /* Sources */,
				22F2CD1B19C4DFB900F68BB5 /* Frameworks */,
				22F2CD1C19C4DFB900F68BB5 /* CopyFiles */,
			);
			buildRules = (
			);
			dependencies = (
			);
			name = realmdemo;
			productName = realmdemo;
			productReference = 22F2CD1E19C4DFB900F68BB5 /* realmdemo */;
			productType = "com.apple.product-type.tool";
		};
/* End PBXNativeTarget section */

/* Begin PBXProject section */
		22F2CD1619C4DFB900F68BB5 /* Project object */ = {
			isa = PBXProject;
			attributes = {
				LastUpgradeCheck = 0600;
				ORGANIZATIONNAME = Radtastical;
				TargetAttributes = {
					22F2CD1D19C4DFB900F68BB5 = {
						CreatedOnToolsVersion = 6.0;
					};
				};
			};
			buildConfigurationList = 22F2CD1919C4DFB900F68BB5 /* Build configuration list for PBXProject "realmdemo" */;
			compatibilityVersion = "Xcode 3.2";
			developmentRegion = English;
			hasScannedForEncodings = 0;
			knownRegions = (
				en,
			);
			mainGroup = 22F2CD1519C4DFB900F68BB5;
			productRefGroup = 22F2CD1F19C4DFB900F68BB5 /* Products */;
			projectDirPath = "";
			projectRoot = "";
			targets = (
				22F2CD1D19C4DFB900F68BB5 /* realmdemo */,
			);
		};
/* End PBXProject section */

/* Begin PBXSourcesBuildPhase section */
		22F2CD1A19C4DFB900F68BB5 /* Sources */ = {
			isa = PBXSourcesBuildPhase;
			buildActionMask = 2147483647;
			files = (
				22F2CD2219C4DFB900F68BB5 /* main.m in Sources */,
			);
			runOnlyForDeploymentPostprocessing = 0;
		};
/* End PBXSourcesBuildPhase section */

/* Begin XCBuildConfiguration section */
		22F2CD2319C4DFB900F68BB5 /* Debug */ = {
			isa = XCBuildConfiguration;
			buildSettings = {
				ALWAYS_SEARCH_USER_PATHS = NO;
				CLANG_CXX_LANGUAGE_STANDARD = "gnu++0x";
				CLANG_CXX_LIBRARY = "libc++";
				CLANG_ENABLE_MODULES = YES;
				CLANG_ENABLE_OBJC_ARC = YES;
				CLANG_WARN_BOOL_CONVERSION = YES;
				CLANG_WARN_CONSTANT_CONVERSION = YES;
				CLANG_WARN_DIRECT_OBJC_ISA_USAGE = YES_ERROR;
				CLANG_WARN_EMPTY_BODY = YES;
				CLANG_WARN_ENUM_CONVERSION = YES;
				CLANG_WARN_INT_CONVERSION = YES;
				CLANG_WARN_OBJC_ROOT_CLASS = YES_ERROR;
				CLANG_WARN_UNREACHABLE_CODE = YES;
				CLANG_WARN__DUPLICATE_METHOD_MATCH = YES;
				COPY_PHASE_STRIP = NO;
				ENABLE_STRICT_OBJC_MSGSEND = YES;
				GCC_C_LANGUAGE_STANDARD = gnu99;
				GCC_DYNAMIC_NO_PIC = NO;
				GCC_OPTIMIZATION_LEVEL = 0;
				GCC_PREPROCESSOR_DEFINITIONS = (
					"DEBUG=1",
					"$(inherited)",
				);
				GCC_SYMBOLS_PRIVATE_EXTERN = NO;
				GCC_WARN_64_TO_32_BIT_CONVERSION = YES;
				GCC_WARN_ABOUT_RETURN_TYPE = YES_ERROR;
				GCC_WARN_UNDECLARED_SELECTOR = YES;
				GCC_WARN_UNINITIALIZED_AUTOS = YES_AGGRESSIVE;
				GCC_WARN_UNUSED_FUNCTION = YES;
				GCC_WARN_UNUSED_VARIABLE = YES;
				MACOSX_DEPLOYMENT_TARGET = 10.9;
				MTL_ENABLE_DEBUG_INFO = YES;
				ONLY_ACTIVE_ARCH = YES;
				SDKROOT = macosx;
			};
			name = Debug;
		};
		22F2CD2419C4DFB900F68BB5 /* Release */ = {
			isa = XCBuildConfiguration;
			buildSettings = {
				ALWAYS_SEARCH_USER_PATHS = NO;
				CLANG_CXX_LANGUAGE_STANDARD = "gnu++0x";
				CLANG_CXX_LIBRARY = "libc++";
				CLANG_ENABLE_MODULES = YES;
				CLANG_ENABLE_OBJC_ARC = YES;
				CLANG_WARN_BOOL_CONVERSION = YES;
				CLANG_WARN_CONSTANT_CONVERSION = YES;
				CLANG_WARN_DIRECT_OBJC_ISA_USAGE = YES_ERROR;
				CLANG_WARN_EMPTY_BODY = YES;
				CLANG_WARN_ENUM_CONVERSION = YES;
				CLANG_WARN_INT_CONVERSION = YES;
				CLANG_WARN_OBJC_ROOT_CLASS = YES_ERROR;
				CLANG_WARN_UNREACHABLE_CODE = YES;
				CLANG_WARN__DUPLICATE_METHOD_MATCH = YES;
				COPY_PHASE_STRIP = YES;
				DEBUG_INFORMATION_FORMAT = "dwarf-with-dsym";
				ENABLE_NS_ASSERTIONS = NO;
				ENABLE_STRICT_OBJC_MSGSEND = YES;
				GCC_C_LANGUAGE_STANDARD = gnu99;
				GCC_WARN_64_TO_32_BIT_CONVERSION = YES;
				GCC_WARN_ABOUT_RETURN_TYPE = YES_ERROR;
				GCC_WARN_UNDECLARED_SELECTOR = YES;
				GCC_WARN_UNINITIALIZED_AUTOS = YES_AGGRESSIVE;
				GCC_WARN_UNUSED_FUNCTION = YES;
				GCC_WARN_UNUSED_VARIABLE = YES;
				MACOSX_DEPLOYMENT_TARGET = 10.9;
				MTL_ENABLE_DEBUG_INFO = NO;
				SDKROOT = macosx;
			};
			name = Release;
		};
		22F2CD2619C4DFB900F68BB5 /* Debug */ = {
			isa = XCBuildConfiguration;
			buildSettings = {
				FRAMEWORK_SEARCH_PATHS = (
					"$(inherited)",
					"$(PROJECT_DIR)",
				);
				PRODUCT_NAME = "$(TARGET_NAME)";
			};
			name = Debug;
		};
		22F2CD2719C4DFB900F68BB5 /* Release */ = {
			isa = XCBuildConfiguration;
			buildSettings = {
				FRAMEWORK_SEARCH_PATHS = (
					"$(inherited)",
					"$(PROJECT_DIR)",
				);
				PRODUCT_NAME = "$(TARGET_NAME)";
			};
			name = Release;
		};
/* End XCBuildConfiguration section */

/* Begin XCConfigurationList section */
		22F2CD1919C4DFB900F68BB5 /* Build configuration list for PBXProject "realmdemo" */ = {
			isa = XCConfigurationList;
			buildConfigurations = (
				22F2CD2319C4DFB900F68BB5 /* Debug */,
				22F2CD2419C4DFB900F68BB5 /* Release */,
			);
			defaultConfigurationIsVisible = 0;
			defaultConfigurationName = Release;
		};
		22F2CD2519C4DFB900F68BB5 /* Build configuration list for PBXNativeTarget "realmdemo" */ = {
			isa = XCConfigurationList;
			buildConfigurations = (
				22F2CD2619C4DFB900F68BB5 /* Debug */,
				22F2CD2719C4DFB900F68BB5 /* Release */,
			);
			defaultConfigurationIsVisible = 0;
		};
/* End XCConfigurationList section */
	};
	rootObject = 22F2CD1619C4DFB900F68BB5 /* Project object */;
}
